
Microsoft Visual Studio Solution File, Format Version 12.00
# Visual Studio 15
VisualStudioVersion = 15.0.27428.2002
MinimumVisualStudioVersion = 10.0.40219.1
Project("{F184B08F-C81C-45F6-A57F-5ABD9991F28F}") = "PoE Sound Management", "PoE Sound Management\PoE Sound Management.vbproj", "{00BEB1ED-D7ED-499B-9000-DFE55BDCDB04}"
EndProject
Global
	GlobalSection(SolutionConfigurationPlatforms) = preSolution
		Debug|Any CPU = Debug|Any CPU
		Release|Any CPU = Release|Any CPU
	EndGlobalSection
	GlobalSection(ProjectConfigurationPlatforms) = postSolution
		{00BEB1ED-D7ED-499B-9000-DFE55BDCDB04}.Debug|Any CPU.ActiveCfg = Debug|Any CPU
		{00BEB1ED-D7ED-499B-9000-DFE55BDCDB04}.Debug|Any CPU.Build.0 = Debug|Any CPU
		{00BEB1ED-D7ED-499B-9000-DFE55BDCDB04}.Release|Any CPU.ActiveCfg = Release|Any CPU
		{00BEB1ED-D7ED-499B-9000-DFE55BDCDB04}.Release|Any CPU.Build.0 = Release|Any CPU
	EndGlobalSection
	GlobalSection(SolutionProperties) = preSolution
		HideSolutionNode = FALSE
	EndGlobalSection
	GlobalSection(ExtensibilityGlobals) = postSolution
		SolutionGuid = {C28F0395-92F0-427C-AB0F-DDFFCF527264}
	EndGlobalSection
EndGlobal
